// !$*UTF8*$!
{
	archiveVersion = 1;
	classes = {
	};
	objectVersion = 56;
	objects = {

/* Begin PBXBuildFile section */
		9543C64E2E181C0300CC195D /* Split_ItApp.swift in Sources */ = {isa = PBXBuildFile; fileRef = 9543C64D2E181C0300CC195D /* Split_ItApp.swift */; };
		9543C6502E181C0300CC195D /* ContentView.swift in Sources */ = {isa = PBXBuildFile; fileRef = 9543C64F2E181C0300CC195D /* ContentView.swift */; };
		9543C6522E181C0400CC195D /* Assets.xcassets in Resources */ = {isa = PBXBuildFile; fileRef = 9543C6512E181C0400CC195D /* Assets.xcassets */; };
		9543C6552E181C0400CC195D /* Preview Assets.xcassets in Resources */ = {isa = PBXBuildFile; fileRef = 9543C6542E181C0400CC195D /* Preview Assets.xcassets */; };
		9543C65F2E181C0500CC195D /* Split_ItTests.swift in Sources */ = {isa = PBXBuildFile; fileRef = 9543C65E2E181C0500CC195D /* Split_ItTests.swift */; };
		9543C6692E181C0500CC195D /* Split_ItUITests.swift in Sources */ = {isa = PBXBuildFile; fileRef = 9543C6682E181C0500CC195D /* Split_ItUITests.swift */; };
		9543C66B2E181C0500CC195D /* Split_ItUITestsLaunchTests.swift in Sources */ = {isa = PBXBuildFile; fileRef = 9543C66A2E181C0500CC195D /* Split_ItUITestsLaunchTests.swift */; };
/* End PBXBuildFile section */

/* Begin PBXContainerItemProxy section */
		9543C65B2E181C0400CC195D /* PBXContainerItemProxy */ = {
			isa = PBXContainerItemProxy;
			containerPortal = 9543C6422E181C0300CC195D /* Project object */;
			proxyType = 1;
			remoteGlobalIDString = 9543C6492E181C0300CC195D;
			remoteInfo = "Split-It";
		};
		9543C6652E181C0500CC195D /* PBXContainerItemProxy */ = {
			isa = PBXContainerItemProxy;
			containerPortal = 9543C6422E181C0300CC195D /* Project object */;
			proxyType = 1;
			remoteGlobalIDString = 9543C6492E181C0300CC195D;
			remoteInfo = "Split-It";
		};
/* End PBXContainerItemProxy section */

/* Begin PBXFileReference section */
		9543C64A2E181C0300CC195D /* Split-It.app */ = {isa = PBXFileReference; explicitFileType = wrapper.application; includeInIndex = 0; path = "Split-It.app"; sourceTree = BUILT_PRODUCTS_DIR; };
		9543C64D2E181C0300CC195D /* Split_ItApp.swift */ = {isa = PBXFileReference; lastKnownFileType = sourcecode.swift; path = Split_ItApp.swift; sourceTree = "<group>"; };
		9543C64F2E181C0300CC195D /* ContentView.swift */ = {isa = PBXFileReference; lastKnownFileType = sourcecode.swift; path = ContentView.swift; sourceTree = "<group>"; };
		9543C6512E181C0400CC195D /* Assets.xcassets */ = {isa = PBXFileReference; lastKnownFileType = folder.assetcatalog; path = Assets.xcassets; sourceTree = "<group>"; };
		9543C6542E181C0400CC195D /* Preview Assets.xcassets */ = {isa = PBXFileReference; lastKnownFileType = folder.assetcatalog; path = "Preview Assets.xcassets"; sourceTree = "<group>"; };
		9543C65A2E181C0400CC195D /* Split-ItTests.xctest */ = {isa = PBXFileReference; explicitFileType = wrapper.cfbundle; includeInIndex = 0; path = "Split-ItTests.xctest"; sourceTree = BUILT_PRODUCTS_DIR; };
		9543C65E2E181C0500CC195D /* Split_ItTests.swift */ = {isa = PBXFileReference; lastKnownFileType = sourcecode.swift; path = Split_ItTests.swift; sourceTree = "<group>"; };
		9543C6642E181C0500CC195D /* Split-ItUITests.xctest */ = {isa = PBXFileReference; explicitFileType = wrapper.cfbundle; includeInIndex = 0; path = "Split-ItUITests.xctest"; sourceTree = BUILT_PRODUCTS_DIR; };
		9543C6682E181C0500CC195D /* Split_ItUITests.swift */ = {isa = PBXFileReference; lastKnownFileType = sourcecode.swift; path = Split_ItUITests.swift; sourceTree = "<group>"; };
		9543C66A2E181C0500CC195D /* Split_ItUITestsLaunchTests.swift */ = {isa = PBXFileReference; lastKnownFileType = sourcecode.swift; path = Split_ItUITestsLaunchTests.swift; sourceTree = "<group>"; };
/* End PBXFileReference section */

/* Begin PBXFrameworksBuildPhase section */
		9543C6472E181C0300CC195D /* Frameworks */ = {
			isa = PBXFrameworksBuildPhase;
			buildActionMask = 2147483647;
			files = (
			);
			runOnlyForDeploymentPostprocessing = 0;
		};
		9543C6572E181C0400CC195D /* Frameworks */ = {
			isa = PBXFrameworksBuildPhase;
			buildActionMask = 2147483647;
			files = (
			);
			runOnlyForDeploymentPostprocessing = 0;
		};
		9543C6612E181C0500CC195D /* Frameworks */ = {
			isa = PBXFrameworksBuildPhase;
			buildActionMask = 2147483647;
			files = (
			);
			runOnlyForDeploymentPostprocessing = 0;
		};
/* End PBXFrameworksBuildPhase section */

/* Begin PBXGroup section */
		9543C6412E181C0300CC195D = {
			isa = PBXGroup;
			children = (
				9543C64C2E181C0300CC195D /* Split-It */,
				9543C65D2E181C0500CC195D /* Split-ItTests */,
				9543C6672E181C0500CC195D /* Split-ItUITests */,
				9543C64B2E181C0300CC195D /* Products */,
			);
			sourceTree = "<group>";
		};
		9543C64B2E181C0300CC195D /* Products */ = {
			isa = PBXGroup;
			children = (
				9543C64A2E181C0300CC195D /* Split-It.app */,
				9543C65A2E181C0400CC195D /* Split-ItTests.xctest */,
				9543C6642E181C0500CC195D /* Split-ItUITests.xctest */,
			);
			name = Products;
			sourceTree = "<group>";
		};
		9543C64C2E181C0300CC195D /* Split-It */ = {
			isa = PBXGroup;
			children = (
				9543C64D2E181C0300CC195D /* Split_ItApp.swift */,
				9543C64F2E181C0300CC195D /* ContentView.swift */,
				9543C6512E181C0400CC195D /* Assets.xcassets */,
				9543C6532E181C0400CC195D /* Preview Content */,
			);
			path = "Split-It";
			sourceTree = "<group>";
		};
		9543C6532E181C0400CC195D /* Preview Content */ = {
			isa = PBXGroup;
			children = (
				9543C6542E181C0400CC195D /* Preview Assets.xcassets */,
			);
			path = "Preview Content";
			sourceTree = "<group>";
		};
		9543C65D2E181C0500CC195D /* Split-ItTests */ = {
			isa = PBXGroup;
			children = (
				9543C65E2E181C0500CC195D /* Split_ItTests.swift */,
			);
			path = "Split-ItTests";
			sourceTree = "<group>";
		};
		9543C6672E181C0500CC195D /* Split-ItUITests */ = {
			isa = PBXGroup;
			children = (
				9543C6682E181C0500CC195D /* Split_ItUITests.swift */,
				9543C66A2E181C0500CC195D /* Split_ItUITestsLaunchTests.swift */,
			);
			path = "Split-ItUITests";
			sourceTree = "<group>";
		};
/* End PBXGroup section */

/* Begin PBXNativeTarget section */
		9543C6492E181C0300CC195D /* Split-It */ = {
			isa = PBXNativeTarget;
			buildConfigurationList = 9543C66E2E181C0500CC195D /* Build configuration list for PBXNativeTarget "Split-It" */;
			buildPhases = (
				9543C6462E181C0300CC195D /* Sources */,
				9543C6472E181C0300CC195D /* Frameworks */,
				9543C6482E181C0300CC195D /* Resources */,
			);
			buildRules = (
			);
			dependencies = (
			);
			name = "Split-It";
			productName = "Split-It";
			productReference = 9543C64A2E181C0300CC195D /* Split-It.app */;
			productType = "com.apple.product-type.application";
		};
		9543C6592E181C0400CC195D /* Split-ItTests */ = {
			isa = PBXNativeTarget;
			buildConfigurationList = 9543C6712E181C0500CC195D /* Build configuration list for PBXNativeTarget "Split-ItTests" */;
			buildPhases = (
				9543C6562E181C0400CC195D /* Sources */,
				9543C6572E181C0400CC195D /* Frameworks */,
				9543C6582E181C0400CC195D /* Resources */,
			);
			buildRules = (
			);
			dependencies = (
				9543C65C2E181C0400CC195D /* PBXTargetDependency */,
			);
			name = "Split-ItTests";
			productName = "Split-ItTests";
			productReference = 9543C65A2E181C0400CC195D /* Split-ItTests.xctest */;
			productType = "com.apple.product-type.bundle.unit-test";
		};
		9543C6632E181C0500CC195D /* Split-ItUITests */ = {
			isa = PBXNativeTarget;
			buildConfigurationList = 9543C6742E181C0500CC195D /* Build configuration list for PBXNativeTarget "Split-ItUITests" */;
			buildPhases = (
				9543C6602E181C0500CC195D /* Sources */,
				9543C6612E181C0500CC195D /* Frameworks */,
				9543C6622E181C0500CC195D /* Resources */,
			);
			buildRules = (
			);
			dependencies = (
				9543C6662E181C0500CC195D /* PBXTargetDependency */,
			);
			name = "Split-ItUITests";
			productName = "Split-ItUITests";
			productReference = 9543C6642E181C0500CC195D /* Split-ItUITests.xctest */;
			productType = "com.apple.product-type.bundle.ui-testing";
		};
/* End PBXNativeTarget section */

/* Begin PBXProject section */
		9543C6422E181C0300CC195D /* Project object */ = {
			isa = PBXProject;
			attributes = {
				BuildIndependentTargetsInParallel = 1;
				LastSwiftUpdateCheck = 1430;
				LastUpgradeCheck = 1430;
				TargetAttributes = {
					9543C6492E181C0300CC195D = {
						CreatedOnToolsVersion = 14.3;
					};
					9543C6592E181C0400CC195D = {
						CreatedOnToolsVersion = 14.3;
						TestTargetID = 9543C6492E181C0300CC195D;
					};
					9543C6632E181C0500CC195D = {
						CreatedOnToolsVersion = 14.3;
						TestTargetID = 9543C6492E181C0300CC195D;
					};
				};
			};
			buildConfigurationList = 9543C6452E181C0300CC195D /* Build configuration list for PBXProject "Split-It" */;
			compatibilityVersion = "Xcode 14.0";
			developmentRegion = en;
			hasScannedForEncodings = 0;
			knownRegions = (
				en,
				Base,
			);
			mainGroup = 9543C6412E181C0300CC195D;
			productRefGroup = 9543C64B2E181C0300CC195D /* Products */;
			projectDirPath = "";
			projectRoot = "";
			targets = (
				9543C6492E181C0300CC195D /* Split-It */,
				9543C6592E181C0400CC195D /* Split-ItTests */,
				9543C6632E181C0500CC195D /* Split-ItUITests */,
			);
		};
/* End PBXProject section */

/* Begin PBXResourcesBuildPhase section */
		9543C6482E181C0300CC195D /* Resources */ = {
			isa = PBXResourcesBuildPhase;
			buildActionMask = 2147483647;
			files = (
				9543C6552E181C0400CC195D /* Preview Assets.xcassets in Resources */,
				9543C6522E181C0400CC195D /* Assets.xcassets in Resources */,
			);
			runOnlyForDeploymentPostprocessing = 0;
		};
		9543C6582E181C0400CC195D /* Resources */ = {
			isa = PBXResourcesBuildPhase;
			buildActionMask = 2147483647;
			files = (
			);
			runOnlyForDeploymentPostprocessing = 0;
		};
		9543C6622E181C0500CC195D /* Resources */ = {
			isa = PBXResourcesBuildPhase;
			buildActionMask = 2147483647;
			files = (
			);
			runOnlyForDeploymentPostprocessing = 0;
		};
/* End PBXResourcesBuildPhase section */

/* Begin PBXSourcesBuildPhase section */
		9543C6462E181C0300CC195D /* Sources */ = {
			isa = PBXSourcesBuildPhase;
			buildActionMask = 2147483647;
			files = (
				9543C6502E181C0300CC195D /* ContentView.swift in Sources */,
				9543C64E2E181C0300CC195D /* Split_ItApp.swift in Sources */,
			);
			runOnlyForDeploymentPostprocessing = 0;
		};
		9543C6562E181C0400CC195D /* Sources */ = {
			isa = PBXSourcesBuildPhase;
			buildActionMask = 2147483647;
			files = (
				9543C65F2E181C0500CC195D /* Split_ItTests.swift in Sources */,
			);
			runOnlyForDeploymentPostprocessing = 0;
		};
		9543C6602E181C0500CC195D /* Sources */ = {
			isa = PBXSourcesBuildPhase;
			buildActionMask = 2147483647;
			files = (
				9543C66B2E181C0500CC195D /* Split_ItUITestsLaunchTests.swift in Sources */,
				9543C6692E181C0500CC195D /* Split_ItUITests.swift in Sources */,
			);
			runOnlyForDeploymentPostprocessing = 0;
		};
/* End PBXSourcesBuildPhase section */

/* Begin PBXTargetDependency section */
		9543C65C2E181C0400CC195D /* PBXTargetDependency */ = {
			isa = PBXTargetDependency;
			target = 9543C6492E181C0300CC195D /* Split-It */;
			targetProxy = 9543C65B2E181C0400CC195D /* PBXContainerItemProxy */;
		};
		9543C6662E181C0500CC195D /* PBXTargetDependency */ = {
			isa = PBXTargetDependency;
			target = 9543C6492E181C0300CC195D /* Split-It */;
			targetProxy = 9543C6652E181C0500CC195D /* PBXContainerItemProxy */;
		};
/* End PBXTargetDependency section */

/* Begin XCBuildConfiguration section */
		9543C66C2E181C0500CC195D /* Debug */ = {
			isa = XCBuildConfiguration;
			buildSettings = {
				ALWAYS_SEARCH_USER_PATHS = NO;
				CLANG_ANALYZER_NONNULL = YES;
				CLANG_ANALYZER_NUMBER_OBJECT_CONVERSION = YES_AGGRESSIVE;
				CLANG_CXX_LANGUAGE_STANDARD = "gnu++20";
				CLANG_ENABLE_MODULES = YES;
				CLANG_ENABLE_OBJC_ARC = YES;
				CLANG_ENABLE_OBJC_WEAK = YES;
				CLANG_WARN_BLOCK_CAPTURE_AUTORELEASING = YES;
				CLANG_WARN_BOOL_CONVERSION = YES;
				CLANG_WARN_COMMA = YES;
				CLANG_WARN_CONSTANT_CONVERSION = YES;
				CLANG_WARN_DEPRECATED_OBJC_IMPLEMENTATIONS = YES;
				CLANG_WARN_DIRECT_OBJC_ISA_USAGE = YES_ERROR;
				CLANG_WARN_DOCUMENTATION_COMMENTS = YES;
				CLANG_WARN_EMPTY_BODY = YES;
				CLANG_WARN_ENUM_CONVERSION = YES;
				CLANG_WARN_INFINITE_RECURSION = YES;
				CLANG_WARN_INT_CONVERSION = YES;
				CLANG_WARN_NON_LITERAL_NULL_CONVERSION = YES;
				CLANG_WARN_OBJC_IMPLICIT_RETAIN_SELF = YES;
				CLANG_WARN_OBJC_LITERAL_CONVERSION = YES;
				CLANG_WARN_OBJC_ROOT_CLASS = YES_ERROR;
				CLANG_WARN_QUOTED_INCLUDE_IN_FRAMEWORK_HEADER = YES;
				CLANG_WARN_RANGE_LOOP_ANALYSIS = YES;
				CLANG_WARN_STRICT_PROTOTYPES = YES;
				CLANG_WARN_SUSPICIOUS_MOVE = YES;
				CLANG_WARN_UNGUARDED_AVAILABILITY = YES_AGGRESSIVE;
				CLANG_WARN_UNREACHABLE_CODE = YES;
				CLANG_WARN__DUPLICATE_METHOD_MATCH = YES;
				COPY_PHASE_STRIP = NO;
				DEBUG_INFORMATION_FORMAT = dwarf;
				ENABLE_STRICT_OBJC_MSGSEND = YES;
				ENABLE_TESTABILITY = YES;
				GCC_C_LANGUAGE_STANDARD = gnu11;
				GCC_DYNAMIC_NO_PIC = NO;
				GCC_NO_COMMON_BLOCKS = YES;
				GCC_OPTIMIZATION_LEVEL = 0;
				GCC_PREPROCESSOR_DEFINITIONS = (
					"DEBUG=1",
					"$(inherited)",
				);
				GCC_WARN_64_TO_32_BIT_CONVERSION = YES;
				GCC_WARN_ABOUT_RETURN_TYPE = YES_ERROR;
				GCC_WARN_UNDECLARED_SELECTOR = YES;
				GCC_WARN_UNINITIALIZED_AUTOS = YES_AGGRESSIVE;
				GCC_WARN_UNUSED_FUNCTION = YES;
				GCC_WARN_UNUSED_VARIABLE = YES;
				IPHONEOS_DEPLOYMENT_TARGET = 16.4;
				MTL_ENABLE_DEBUG_INFO = INCLUDE_SOURCE;
				MTL_FAST_MATH = YES;
				ONLY_ACTIVE_ARCH = YES;
				SDKROOT = iphoneos;
				SWIFT_ACTIVE_COMPILATION_CONDITIONS = DEBUG;
				SWIFT_OPTIMIZATION_LEVEL = "-Onone";
			};
			name = Debug;
		};
		9543C66D2E181C0500CC195D /* Release */ = {
			isa = XCBuildConfiguration;
			buildSettings = {
				ALWAYS_SEARCH_USER_PATHS = NO;
				CLANG_ANALYZER_NONNULL = YES;
				CLANG_ANALYZER_NUMBER_OBJECT_CONVERSION = YES_AGGRESSIVE;
				CLANG_CXX_LANGUAGE_STANDARD = "gnu++20";
				CLANG_ENABLE_MODULES = YES;
				CLANG_ENABLE_OBJC_ARC = YES;
				CLANG_ENABLE_OBJC_WEAK = YES;
				CLANG_WARN_BLOCK_CAPTURE_AUTORELEASING = YES;
				CLANG_WARN_BOOL_CONVERSION = YES;
				CLANG_WARN_COMMA = YES;
				CLANG_WARN_CONSTANT_CONVERSION = YES;
				CLANG_WARN_DEPRECATED_OBJC_IMPLEMENTATIONS = YES;
				CLANG_WARN_DIRECT_OBJC_ISA_USAGE = YES_ERROR;
				CLANG_WARN_DOCUMENTATION_COMMENTS = YES;
				CLANG_WARN_EMPTY_BODY = YES;
				CLANG_WARN_ENUM_CONVERSION = YES;
				CLANG_WARN_INFINITE_RECURSION = YES;
				CLANG_WARN_INT_CONVERSION = YES;
				CLANG_WARN_NON_LITERAL_NULL_CONVERSION = YES;
				CLANG_WARN_OBJC_IMPLICIT_RETAIN_SELF = YES;
				CLANG_WARN_OBJC_LITERAL_CONVERSION = YES;
				CLANG_WARN_OBJC_ROOT_CLASS = YES_ERROR;
				CLANG_WARN_QUOTED_INCLUDE_IN_FRAMEWORK_HEADER = YES;
				CLANG_WARN_RANGE_LOOP_ANALYSIS = YES;
				CLANG_WARN_STRICT_PROTOTYPES = YES;
				CLANG_WARN_SUSPICIOUS_MOVE = YES;
				CLANG_WARN_UNGUARDED_AVAILABILITY = YES_AGGRESSIVE;
				CLANG_WARN_UNREACHABLE_CODE = YES;
				CLANG_WARN__DUPLICATE_METHOD_MATCH = YES;
				COPY_PHASE_STRIP = NO;
				DEBUG_INFORMATION_FORMAT = "dwarf-with-dsym";
				ENABLE_NS_ASSERTIONS = NO;
				ENABLE_STRICT_OBJC_MSGSEND = YES;
				GCC_C_LANGUAGE_STANDARD = gnu11;
				GCC_NO_COMMON_BLOCKS = YES;
				GCC_WARN_64_TO_32_BIT_CONVERSION = YES;
				GCC_WARN_ABOUT_RETURN_TYPE = YES_ERROR;
				GCC_WARN_UNDECLARED_SELECTOR = YES;
				GCC_WARN_UNINITIALIZED_AUTOS = YES_AGGRESSIVE;
				GCC_WARN_UNUSED_FUNCTION = YES;
				GCC_WARN_UNUSED_VARIABLE = YES;
				IPHONEOS_DEPLOYMENT_TARGET = 16.4;
				MTL_ENABLE_DEBUG_INFO = NO;
				MTL_FAST_MATH = YES;
				SDKROOT = iphoneos;
				SWIFT_COMPILATION_MODE = wholemodule;
				SWIFT_OPTIMIZATION_LEVEL = "-O";
				VALIDATE_PRODUCT = YES;
			};
			name = Release;
		};
		9543C66F2E181C0500CC195D /* Debug */ = {
			isa = XCBuildConfiguration;
			buildSettings = {
				ASSETCATALOG_COMPILER_APPICON_NAME = AppIcon;
				ASSETCATALOG_COMPILER_GLOBAL_ACCENT_COLOR_NAME = AccentColor;
				CODE_SIGN_STYLE = Automatic;
				CURRENT_PROJECT_VERSION = 1;
				DEVELOPMENT_ASSET_PATHS = "\"Split-It/Preview Content\"";
				DEVELOPMENT_TEAM = 828968M7AZ;
				ENABLE_PREVIEWS = YES;
				GENERATE_INFOPLIST_FILE = YES;
				INFOPLIST_KEY_UIApplicationSceneManifest_Generation = YES;
				INFOPLIST_KEY_UIApplicationSupportsIndirectInputEvents = YES;
				INFOPLIST_KEY_UILaunchScreen_Generation = YES;
				INFOPLIST_KEY_UISupportedInterfaceOrientations_iPad = "UIInterfaceOrientationPortrait UIInterfaceOrientationPortraitUpsideDown UIInterfaceOrientationLandscapeLeft UIInterfaceOrientationLandscapeRight";
				INFOPLIST_KEY_UISupportedInterfaceOrientations_iPhone = "UIInterfaceOrientationPortrait UIInterfaceOrientationLandscapeLeft UIInterfaceOrientationLandscapeRight";
				LD_RUNPATH_SEARCH_PATHS = (
					"$(inherited)",
					"@executable_path/Frameworks",
				);
				MARKETING_VERSION = 1.0;
				PRODUCT_BUNDLE_IDENTIFIER = "IsaacBTryingBS.Split-It";
				PRODUCT_NAME = "$(TARGET_NAME)";
				SWIFT_EMIT_LOC_STRINGS = YES;
				SWIFT_VERSION = 5.0;
				TARGETED_DEVICE_FAMILY = "1,2";
			};
			name = Debug;
		};
		9543C6702E181C0500CC195D /* Release */ = {
			isa = XCBuildConfiguration;
			buildSettings = {
				ASSETCATALOG_COMPILER_APPICON_NAME = AppIcon;
				ASSETCATALOG_COMPILER_GLOBAL_ACCENT_COLOR_NAME = AccentColor;
				CODE_SIGN_STYLE = Automatic;
				CURRENT_PROJECT_VERSION = 1;
				DEVELOPMENT_ASSET_PATHS = "\"Split-It/Preview Content\"";
				DEVELOPMENT_TEAM = 828968M7AZ;
				ENABLE_PREVIEWS = YES;
				GENERATE_INFOPLIST_FILE = YES;
				INFOPLIST_KEY_UIApplicationSceneManifest_Generation = YES;
				INFOPLIST_KEY_UIApplicationSupportsIndirectInputEvents = YES;
				INFOPLIST_KEY_UILaunchScreen_Generation = YES;
				INFOPLIST_KEY_UISupportedInterfaceOrientations_iPad = "UIInterfaceOrientationPortrait UIInterfaceOrientationPortraitUpsideDown UIInterfaceOrientationLandscapeLeft UIInterfaceOrientationLandscapeRight";
				INFOPLIST_KEY_UISupportedInterfaceOrientations_iPhone = "UIInterfaceOrientationPortrait UIInterfaceOrientationLandscapeLeft UIInterfaceOrientationLandscapeRight";
				LD_RUNPATH_SEARCH_PATHS = (
					"$(inherited)",
					"@executable_path/Frameworks",
				);
				MARKETING_VERSION = 1.0;
				PRODUCT_BUNDLE_IDENTIFIER = "IsaacBTryingBS.Split-It";
				PRODUCT_NAME = "$(TARGET_NAME)";
				SWIFT_EMIT_LOC_STRINGS = YES;
				SWIFT_VERSION = 5.0;
				TARGETED_DEVICE_FAMILY = "1,2";
			};
			name = Release;
		};
		9543C6722E181C0500CC195D /* Debug */ = {
			isa = XCBuildConfiguration;
			buildSettings = {
				ALWAYS_EMBED_SWIFT_STANDARD_LIBRARIES = YES;
				BUNDLE_LOADER = "$(TEST_HOST)";
				CODE_SIGN_STYLE = Automatic;
				CURRENT_PROJECT_VERSION = 1;
				DEVELOPMENT_TEAM = 828968M7AZ;
				GENERATE_INFOPLIST_FILE = YES;
				IPHONEOS_DEPLOYMENT_TARGET = 16.4;
				MARKETING_VERSION = 1.0;
				PRODUCT_BUNDLE_IDENTIFIER = "IsaacBTryingBS.Split-ItTests";
				PRODUCT_NAME = "$(TARGET_NAME)";
				SWIFT_EMIT_LOC_STRINGS = NO;
				SWIFT_VERSION = 5.0;
				TARGETED_DEVICE_FAMILY = "1,2";
				TEST_HOST = "$(BUILT_PRODUCTS_DIR)/Split-It.app/$(BUNDLE_EXECUTABLE_FOLDER_PATH)/Split-It";
			};
			name = Debug;
		};
		9543C6732E181C0500CC195D /* Release */ = {
			isa = XCBuildConfiguration;
			buildSettings = {
				ALWAYS_EMBED_SWIFT_STANDARD_LIBRARIES = YES;
				BUNDLE_LOADER = "$(TEST_HOST)";
				CODE_SIGN_STYLE = Automatic;
				CURRENT_PROJECT_VERSION = 1;
				DEVELOPMENT_TEAM = 828968M7AZ;
				GENERATE_INFOPLIST_FILE = YES;
				IPHONEOS_DEPLOYMENT_TARGET = 16.4;
				MARKETING_VERSION = 1.0;
				PRODUCT_BUNDLE_IDENTIFIER = "IsaacBTryingBS.Split-ItTests";
				PRODUCT_NAME = "$(TARGET_NAME)";
				SWIFT_EMIT_LOC_STRINGS = NO;
				SWIFT_VERSION = 5.0;
				TARGETED_DEVICE_FAMILY = "1,2";
				TEST_HOST = "$(BUILT_PRODUCTS_DIR)/Split-It.app/$(BUNDLE_EXECUTABLE_FOLDER_PATH)/Split-It";
			};
			name = Release;
		};
		9543C6752E181C0500CC195D /* Debug */ = {
			isa = XCBuildConfiguration;
			buildSettings = {
				ALWAYS_EMBED_SWIFT_STANDARD_LIBRARIES = YES;
				CODE_SIGN_STYLE = Automatic;
				CURRENT_PROJECT_VERSION = 1;
				DEVELOPMENT_TEAM = 828968M7AZ;
				GENERATE_INFOPLIST_FILE = YES;
				MARKETING_VERSION = 1.0;
				PRODUCT_BUNDLE_IDENTIFIER = "IsaacBTryingBS.Split-ItUITests";
				PRODUCT_NAME = "$(TARGET_NAME)";
				SWIFT_EMIT_LOC_STRINGS = NO;
				SWIFT_VERSION = 5.0;
				TARGETED_DEVICE_FAMILY = "1,2";
				TEST_TARGET_NAME = "Split-It";
			};
			name = Debug;
		};
		9543C6762E181C0500CC195D /* Release */ = {
			isa = XCBuildConfiguration;
			buildSettings = {
				ALWAYS_EMBED_SWIFT_STANDARD_LIBRARIES = YES;
				CODE_SIGN_STYLE = Automatic;
				CURRENT_PROJECT_VERSION = 1;
				DEVELOPMENT_TEAM = 828968M7AZ;
				GENERATE_INFOPLIST_FILE = YES;
				MARKETING_VERSION = 1.0;
				PRODUCT_BUNDLE_IDENTIFIER = "IsaacBTryingBS.Split-ItUITests";
				PRODUCT_NAME = "$(TARGET_NAME)";
				SWIFT_EMIT_LOC_STRINGS = NO;
				SWIFT_VERSION = 5.0;
				TARGETED_DEVICE_FAMILY = "1,2";
				TEST_TARGET_NAME = "Split-It";
			};
			name = Release;
		};
/* End XCBuildConfiguration section */

/* Begin XCConfigurationList section */
		9543C6452E181C0300CC195D /* Build configuration list for PBXProject "Split-It" */ = {
			isa = XCConfigurationList;
			buildConfigurations = (
				9543C66C2E181C0500CC195D /* Debug */,
				9543C66D2E181C0500CC195D /* Release */,
			);
			defaultConfigurationIsVisible = 0;
			defaultConfigurationName = Release;
		};
		9543C66E2E181C0500CC195D /* Build configuration list for PBXNativeTarget "Split-It" */ = {
			isa = XCConfigurationList;
			buildConfigurations = (
				9543C66F2E181C0500CC195D /* Debug */,
				9543C6702E181C0500CC195D /* Release */,
			);
			defaultConfigurationIsVisible = 0;
			defaultConfigurationName = Release;
		};
		9543C6712E181C0500CC195D /* Build configuration list for PBXNativeTarget "Split-ItTests" */ = {
			isa = XCConfigurationList;
			buildConfigurations = (
				9543C6722E181C0500CC195D /* Debug */,
				9543C6732E181C0500CC195D /* Release */,
			);
			defaultConfigurationIsVisible = 0;
			defaultConfigurationName = Release;
		};
		9543C6742E181C0500CC195D /* Build configuration list for PBXNativeTarget "Split-ItUITests" */ = {
			isa = XCConfigurationList;
			buildConfigurations = (
				9543C6752E181C0500CC195D /* Debug */,
				9543C6762E181C0500CC195D /* Release */,
			);
			defaultConfigurationIsVisible = 0;
			defaultConfigurationName = Release;
		};
/* End XCConfigurationList section */
	};
	rootObject = 9543C6422E181C0300CC195D /* Project object */;
}
